
Microsoft Visual Studio Solution File, Format Version 12.00
# Visual Studio Version 16
VisualStudioVersion = 16.0.30804.86
MinimumVisualStudioVersion = 10.0.40219.1
Project("{FAE04EC0-301F-11D3-BF4B-00C04F79EFBC}") = "Hackerrank", "Hackerrank\Hackerrank.csproj", "{9FD3135A-A12B-4A7D-A734-009AD54C5051}"
EndProject
Global
	GlobalSection(SolutionConfigurationPlatforms) = preSolution
		Debug|Any CPU = Debug|Any CPU
		Release|Any CPU = Release|Any CPU
	EndGlobalSection
	GlobalSection(ProjectConfigurationPlatforms) = postSolution
		{9FD3135A-A12B-4A7D-A734-009AD54C5051}.Debug|Any CPU.ActiveCfg = Debug|Any CPU
		{9FD3135A-A12B-4A7D-A734-009AD54C5051}.Debug|Any CPU.Build.0 = Debug|Any CPU
		{9FD3135A-A12B-4A7D-A734-009AD54C5051}.Release|Any CPU.ActiveCfg = Release|Any CPU
		{9FD3135A-A12B-4A7D-A734-009AD54C5051}.Release|Any CPU.Build.0 = Release|Any CPU
	EndGlobalSection
	GlobalSection(SolutionProperties) = preSolution
		HideSolutionNode = FALSE
	EndGlobalSection
	GlobalSection(ExtensibilityGlobals) = postSolution
		SolutionGuid = {EC88DBC6-B1A9-4F14-9D5E-464F7DC45633}
	EndGlobalSection
EndGlobal
